
Microsoft Visual Studio Solution File, Format Version 12.00
# Visual Studio Version 18
VisualStudioVersion = 18.1.11312.151
MinimumVisualStudioVersion = 10.0.40219.1
Project("{9A19103F-16F7-4668-BE54-9A1E7A4F7556}") = "landerist_console", "landerist_console\landerist_console.csproj", "{AF6B51BE-C241-4ADE-AB98-DD1D9C4CB529}"
EndProject
Project("{9A19103F-16F7-4668-BE54-9A1E7A4F7556}") = "landerist_library", "landerist_library\landerist_library.csproj", "{E1D8529F-29D0-4C46-97EA-871D472A566C}"
EndProject
Project("{9A19103F-16F7-4668-BE54-9A1E7A4F7556}") = "landerist_orels", "landerist_orels\landerist_orels.csproj", "{8616AAA8-B0FF-47FA-A18E-AF96178989B5}"
EndProject
Project("{2150E333-8FDC-42A3-9474-1A3956D46DE8}") = "Solution Items", "Solution Items", "{FFCD9829-BEB3-4EAE-9EA2-D4A4BCD70DEB}"
	ProjectSection(SolutionItems) = preProject
		Database.sql = Database.sql
		README.md = README.md
	EndProjectSection
EndProject
Project("{2150E333-8FDC-42A3-9474-1A3956D46DE8}") = "landerist_website", "landerist_website", "{B0045D1A-422C-4327-8A3C-F90D55CFF0A8}"
	ProjectSection(SolutionItems) = preProject
		landerist_website\DESIGN.md = landerist_website\DESIGN.md
		landerist_website\index.html = landerist_website\index.html
		landerist_website\styles.css = landerist_website\styles.css
	EndProjectSection
EndProject
Project("{FAE04EC0-301F-11D3-BF4B-00C04F79EFBC}") = "landerist_tests", "landerist_tests\landerist_tests.csproj", "{862B91A5-AE29-4016-B0FD-DD024B320D23}"
EndProject
Project("{2150E333-8FDC-42A3-9474-1A3956D46DE8}") = "downloads", "downloads", "{9CD8CE4A-DACA-4356-9873-4F1AEB6E33CA}"
	ProjectSection(SolutionItems) = preProject
		landerist_website\downloads\downloads_template.html = landerist_website\downloads\downloads_template.html
		landerist_website\downloads\index.html = landerist_website\downloads\index.html
	EndProjectSection
EndProject
Project("{2150E333-8FDC-42A3-9474-1A3956D46DE8}") = "statistics", "statistics", "{70033D09-4CF1-47B2-8E01-DFA6763A2C57}"
	ProjectSection(SolutionItems) = preProject
		landerist_website\statistics\statistics_template.html = landerist_website\statistics\statistics_template.html
	EndProjectSection
EndProject
Project("{2150E333-8FDC-42A3-9474-1A3956D46DE8}") = "host-statistics", "host-statistics", "{2941C7A0-5146-4DCB-ADEF-309E790F3564}"
	ProjectSection(SolutionItems) = preProject
		landerist_website\host-statistics\host_statistics_template.html = landerist_website\host-statistics\host_statistics_template.html
	EndProjectSection
EndProject
Project("{2150E333-8FDC-42A3-9474-1A3956D46DE8}") = "hosts-statistics", "hosts-statistics", "{7781698D-05BD-409C-9382-665795BE5BA9}"
	ProjectSection(SolutionItems) = preProject
		landerist_website\hosts-statistics\hosts_statistics_template.html = landerist_website\hosts-statistics\hosts_statistics_template.html
	EndProjectSection
EndProject
Project("{FAE04EC0-301F-11D3-BF4B-00C04F79EFBC}") = "landerist_integration_tests", "landerist_integration_tests\landerist_integration_tests.csproj", "{518902D0-871C-4472-B80E-225C30C63D5B}"
EndProject
Project("{FAE04EC0-301F-11D3-BF4B-00C04F79EFBC}") = "landerist_unit_tests", "landerist_unit_tests\landerist_unit_tests.csproj", "{D91A2E31-4F8B-4C5E-A17D-65A9B14F8F21}"
EndProject
Project("{FAE04EC0-301F-11D3-BF4B-00C04F79EFBC}") = "landerist_architecture_tests", "landerist_architecture_tests\landerist_architecture_tests.csproj", "{7471462F-373C-4269-8B2D-9DFDDD700D6F}"
EndProject
Project("{2150E333-8FDC-42A3-9474-1A3956D46DE8}") = "Domain", "Domain", "{996CEBED-A05B-5D42-3FF0-982E087A2599}"
EndProject
Project("{FAE04EC0-301F-11D3-BF4B-00C04F79EFBC}") = "landerist_domain", "landerist_domain\landerist_domain.csproj", "{8AF73FD0-2DE7-418A-B5F0-9B4D88A86E43}"
EndProject
Global
	GlobalSection(SolutionConfigurationPlatforms) = preSolution
		Debug|Any CPU = Debug|Any CPU
		Debug|x64 = Debug|x64
		Debug|x86 = Debug|x86
		Release|Any CPU = Release|Any CPU
		Release|x64 = Release|x64
		Release|x86 = Release|x86
	EndGlobalSection
	GlobalSection(ProjectConfigurationPlatforms) = postSolution
		{AF6B51BE-C241-4ADE-AB98-DD1D9C4CB529}.Debug|Any CPU.ActiveCfg = Debug|Any CPU
		{AF6B51BE-C241-4ADE-AB98-DD1D9C4CB529}.Debug|Any CPU.Build.0 = Debug|Any CPU
		{AF6B51BE-C241-4ADE-AB98-DD1D9C4CB529}.Debug|x64.ActiveCfg = Debug|Any CPU
		{AF6B51BE-C241-4ADE-AB98-DD1D9C4CB529}.Debug|x64.Build.0 = Debug|Any CPU
		{AF6B51BE-C241-4ADE-AB98-DD1D9C4CB529}.Debug|x86.ActiveCfg = Debug|Any CPU
		{AF6B51BE-C241-4ADE-AB98-DD1D9C4CB529}.Debug|x86.Build.0 = Debug|Any CPU
		{AF6B51BE-C241-4ADE-AB98-DD1D9C4CB529}.Release|Any CPU.ActiveCfg = Release|Any CPU
		{AF6B51BE-C241-4ADE-AB98-DD1D9C4CB529}.Release|Any CPU.Build.0 = Release|Any CPU
		{AF6B51BE-C241-4ADE-AB98-DD1D9C4CB529}.Release|x64.ActiveCfg = Release|Any CPU
		{AF6B51BE-C241-4ADE-AB98-DD1D9C4CB529}.Release|x64.Build.0 = Release|Any CPU
		{AF6B51BE-C241-4ADE-AB98-DD1D9C4CB529}.Release|x86.ActiveCfg = Release|Any CPU
		{AF6B51BE-C241-4ADE-AB98-DD1D9C4CB529}.Release|x86.Build.0 = Release|Any CPU
		{E1D8529F-29D0-4C46-97EA-871D472A566C}.Debug|Any CPU.ActiveCfg = Debug|Any CPU
		{E1D8529F-29D0-4C46-97EA-871D472A566C}.Debug|Any CPU.Build.0 = Debug|Any CPU
		{E1D8529F-29D0-4C46-97EA-871D472A566C}.Debug|x64.ActiveCfg = Debug|Any CPU
		{E1D8529F-29D0-4C46-97EA-871D472A566C}.Debug|x64.Build.0 = Debug|Any CPU
		{E1D8529F-29D0-4C46-97EA-871D472A566C}.Debug|x86.ActiveCfg = Debug|Any CPU
		{E1D8529F-29D0-4C46-97EA-871D472A566C}.Debug|x86.Build.0 = Debug|Any CPU
		{E1D8529F-29D0-4C46-97EA-871D472A566C}.Release|Any CPU.ActiveCfg = Release|Any CPU
		{E1D8529F-29D0-4C46-97EA-871D472A566C}.Release|Any CPU.Build.0 = Release|Any CPU
		{E1D8529F-29D0-4C46-97EA-871D472A566C}.Release|x64.ActiveCfg = Release|Any CPU
		{E1D8529F-29D0-4C46-97EA-871D472A566C}.Release|x64.Build.0 = Release|Any CPU
		{E1D8529F-29D0-4C46-97EA-871D472A566C}.Release|x86.ActiveCfg = Release|Any CPU
		{E1D8529F-29D0-4C46-97EA-871D472A566C}.Release|x86.Build.0 = Release|Any CPU
		{8616AAA8-B0FF-47FA-A18E-AF96178989B5}.Debug|Any CPU.ActiveCfg = Debug|Any CPU
		{8616AAA8-B0FF-47FA-A18E-AF96178989B5}.Debug|Any CPU.Build.0 = Debug|Any CPU
		{8616AAA8-B0FF-47FA-A18E-AF96178989B5}.Debug|x64.ActiveCfg = Debug|Any CPU
		{8616AAA8-B0FF-47FA-A18E-AF96178989B5}.Debug|x64.Build.0 = Debug|Any CPU
		{8616AAA8-B0FF-47FA-A18E-AF96178989B5}.Debug|x86.ActiveCfg = Debug|Any CPU
		{8616AAA8-B0FF-47FA-A18E-AF96178989B5}.Debug|x86.Build.0 = Debug|Any CPU
		{8616AAA8-B0FF-47FA-A18E-AF96178989B5}.Release|Any CPU.ActiveCfg = Release|Any CPU
		{8616AAA8-B0FF-47FA-A18E-AF96178989B5}.Release|Any CPU.Build.0 = Release|Any CPU
		{8616AAA8-B0FF-47FA-A18E-AF96178989B5}.Release|x64.ActiveCfg = Release|Any CPU
		{8616AAA8-B0FF-47FA-A18E-AF96178989B5}.Release|x64.Build.0 = Release|Any CPU
		{8616AAA8-B0FF-47FA-A18E-AF96178989B5}.Release|x86.ActiveCfg = Release|Any CPU
		{8616AAA8-B0FF-47FA-A18E-AF96178989B5}.Release|x86.Build.0 = Release|Any CPU
		{862B91A5-AE29-4016-B0FD-DD024B320D23}.Debug|Any CPU.ActiveCfg = Debug|Any CPU
		{862B91A5-AE29-4016-B0FD-DD024B320D23}.Debug|Any CPU.Build.0 = Debug|Any CPU
		{862B91A5-AE29-4016-B0FD-DD024B320D23}.Debug|x64.ActiveCfg = Debug|Any CPU
		{862B91A5-AE29-4016-B0FD-DD024B320D23}.Debug|x64.Build.0 = Debug|Any CPU
		{862B91A5-AE29-4016-B0FD-DD024B320D23}.Debug|x86.ActiveCfg = Debug|Any CPU
		{862B91A5-AE29-4016-B0FD-DD024B320D23}.Debug|x86.Build.0 = Debug|Any CPU
		{862B91A5-AE29-4016-B0FD-DD024B320D23}.Release|Any CPU.ActiveCfg = Release|Any CPU
		{862B91A5-AE29-4016-B0FD-DD024B320D23}.Release|Any CPU.Build.0 = Release|Any CPU
		{862B91A5-AE29-4016-B0FD-DD024B320D23}.Release|x64.ActiveCfg = Release|Any CPU
		{862B91A5-AE29-4016-B0FD-DD024B320D23}.Release|x64.Build.0 = Release|Any CPU
		{862B91A5-AE29-4016-B0FD-DD024B320D23}.Release|x86.ActiveCfg = Release|Any CPU
		{862B91A5-AE29-4016-B0FD-DD024B320D23}.Release|x86.Build.0 = Release|Any CPU
		{518902D0-871C-4472-B80E-225C30C63D5B}.Debug|Any CPU.ActiveCfg = Debug|Any CPU
		{518902D0-871C-4472-B80E-225C30C63D5B}.Debug|Any CPU.Build.0 = Debug|Any CPU
		{518902D0-871C-4472-B80E-225C30C63D5B}.Debug|x64.ActiveCfg = Debug|Any CPU
		{518902D0-871C-4472-B80E-225C30C63D5B}.Debug|x64.Build.0 = Debug|Any CPU
		{518902D0-871C-4472-B80E-225C30C63D5B}.Debug|x86.ActiveCfg = Debug|Any CPU
		{518902D0-871C-4472-B80E-225C30C63D5B}.Debug|x86.Build.0 = Debug|Any CPU
		{518902D0-871C-4472-B80E-225C30C63D5B}.Release|Any CPU.ActiveCfg = Release|Any CPU
		{518902D0-871C-4472-B80E-225C30C63D5B}.Release|Any CPU.Build.0 = Release|Any CPU
		{518902D0-871C-4472-B80E-225C30C63D5B}.Release|x64.ActiveCfg = Release|Any CPU
		{518902D0-871C-4472-B80E-225C30C63D5B}.Release|x64.Build.0 = Release|Any CPU
		{518902D0-871C-4472-B80E-225C30C63D5B}.Release|x86.ActiveCfg = Release|Any CPU
		{518902D0-871C-4472-B80E-225C30C63D5B}.Release|x86.Build.0 = Release|Any CPU
		{D91A2E31-4F8B-4C5E-A17D-65A9B14F8F21}.Debug|Any CPU.ActiveCfg = Debug|Any CPU
		{D91A2E31-4F8B-4C5E-A17D-65A9B14F8F21}.Debug|Any CPU.Build.0 = Debug|Any CPU
		{D91A2E31-4F8B-4C5E-A17D-65A9B14F8F21}.Debug|x64.ActiveCfg = Debug|Any CPU
		{D91A2E31-4F8B-4C5E-A17D-65A9B14F8F21}.Debug|x64.Build.0 = Debug|Any CPU
		{D91A2E31-4F8B-4C5E-A17D-65A9B14F8F21}.Debug|x86.ActiveCfg = Debug|Any CPU
		{D91A2E31-4F8B-4C5E-A17D-65A9B14F8F21}.Debug|x86.Build.0 = Debug|Any CPU
		{D91A2E31-4F8B-4C5E-A17D-65A9B14F8F21}.Release|Any CPU.ActiveCfg = Release|Any CPU
		{D91A2E31-4F8B-4C5E-A17D-65A9B14F8F21}.Release|Any CPU.Build.0 = Release|Any CPU
		{D91A2E31-4F8B-4C5E-A17D-65A9B14F8F21}.Release|x64.ActiveCfg = Release|Any CPU
		{D91A2E31-4F8B-4C5E-A17D-65A9B14F8F21}.Release|x64.Build.0 = Release|Any CPU
		{D91A2E31-4F8B-4C5E-A17D-65A9B14F8F21}.Release|x86.ActiveCfg = Release|Any CPU
		{D91A2E31-4F8B-4C5E-A17D-65A9B14F8F21}.Release|x86.Build.0 = Release|Any CPU
		{7471462F-373C-4269-8B2D-9DFDDD700D6F}.Debug|Any CPU.ActiveCfg = Debug|Any CPU
		{7471462F-373C-4269-8B2D-9DFDDD700D6F}.Debug|Any CPU.Build.0 = Debug|Any CPU
		{7471462F-373C-4269-8B2D-9DFDDD700D6F}.Debug|x64.ActiveCfg = Debug|Any CPU
		{7471462F-373C-4269-8B2D-9DFDDD700D6F}.Debug|x64.Build.0 = Debug|Any CPU
		{7471462F-373C-4269-8B2D-9DFDDD700D6F}.Debug|x86.ActiveCfg = Debug|Any CPU
		{7471462F-373C-4269-8B2D-9DFDDD700D6F}.Debug|x86.Build.0 = Debug|Any CPU
		{7471462F-373C-4269-8B2D-9DFDDD700D6F}.Release|Any CPU.ActiveCfg = Release|Any CPU
		{7471462F-373C-4269-8B2D-9DFDDD700D6F}.Release|Any CPU.Build.0 = Release|Any CPU
		{7471462F-373C-4269-8B2D-9DFDDD700D6F}.Release|x64.ActiveCfg = Release|Any CPU
		{7471462F-373C-4269-8B2D-9DFDDD700D6F}.Release|x64.Build.0 = Release|Any CPU
		{7471462F-373C-4269-8B2D-9DFDDD700D6F}.Release|x86.ActiveCfg = Release|Any CPU
		{7471462F-373C-4269-8B2D-9DFDDD700D6F}.Release|x86.Build.0 = Release|Any CPU
		{8AF73FD0-2DE7-418A-B5F0-9B4D88A86E43}.Debug|Any CPU.ActiveCfg = Debug|Any CPU
		{8AF73FD0-2DE7-418A-B5F0-9B4D88A86E43}.Debug|Any CPU.Build.0 = Debug|Any CPU
		{8AF73FD0-2DE7-418A-B5F0-9B4D88A86E43}.Debug|x64.ActiveCfg = Debug|Any CPU
		{8AF73FD0-2DE7-418A-B5F0-9B4D88A86E43}.Debug|x64.Build.0 = Debug|Any CPU
		{8AF73FD0-2DE7-418A-B5F0-9B4D88A86E43}.Debug|x86.ActiveCfg = Debug|Any CPU
		{8AF73FD0-2DE7-418A-B5F0-9B4D88A86E43}.Debug|x86.Build.0 = Debug|Any CPU
		{8AF73FD0-2DE7-418A-B5F0-9B4D88A86E43}.Release|Any CPU.ActiveCfg = Release|Any CPU
		{8AF73FD0-2DE7-418A-B5F0-9B4D88A86E43}.Release|Any CPU.Build.0 = Release|Any CPU
		{8AF73FD0-2DE7-418A-B5F0-9B4D88A86E43}.Release|x64.ActiveCfg = Release|Any CPU
		{8AF73FD0-2DE7-418A-B5F0-9B4D88A86E43}.Release|x64.Build.0 = Release|Any CPU
		{8AF73FD0-2DE7-418A-B5F0-9B4D88A86E43}.Release|x86.ActiveCfg = Release|Any CPU
		{8AF73FD0-2DE7-418A-B5F0-9B4D88A86E43}.Release|x86.Build.0 = Release|Any CPU
	EndGlobalSection
	GlobalSection(SolutionProperties) = preSolution
		HideSolutionNode = FALSE
	EndGlobalSection
	GlobalSection(NestedProjects) = preSolution
		{9CD8CE4A-DACA-4356-9873-4F1AEB6E33CA} = {B0045D1A-422C-4327-8A3C-F90D55CFF0A8}
		{70033D09-4CF1-47B2-8E01-DFA6763A2C57} = {B0045D1A-422C-4327-8A3C-F90D55CFF0A8}
		{2941C7A0-5146-4DCB-ADEF-309E790F3564} = {B0045D1A-422C-4327-8A3C-F90D55CFF0A8}
		{7781698D-05BD-409C-9382-665795BE5BA9} = {B0045D1A-422C-4327-8A3C-F90D55CFF0A8}
		{8AF73FD0-2DE7-418A-B5F0-9B4D88A86E43} = {996CEBED-A05B-5D42-3FF0-982E087A2599}
	EndGlobalSection
	GlobalSection(ExtensibilityGlobals) = postSolution
		SolutionGuid = {F392E95A-422C-40BC-A9C9-32A571641854}
	EndGlobalSection
EndGlobal
