
Microsoft Visual Studio Solution File, Format Version 12.00
# Visual Studio Version 17
VisualStudioVersion = 17.4.33205.214
MinimumVisualStudioVersion = 10.0.40219.1
Project("{9A19103F-16F7-4668-BE54-9A1E7A4F7556}") = "landerist_console", "landerist_console\landerist_console.csproj", "{AF6B51BE-C241-4ADE-AB98-DD1D9C4CB529}"
EndProject
Project("{9A19103F-16F7-4668-BE54-9A1E7A4F7556}") = "landerist_library", "landerist_library\landerist_library.csproj", "{E1D8529F-29D0-4C46-97EA-871D472A566C}"
EndProject
Project("{9A19103F-16F7-4668-BE54-9A1E7A4F7556}") = "landerist_orels", "landerist_orels\landerist_orels.csproj", "{8616AAA8-B0FF-47FA-A18E-AF96178989B5}"
EndProject
Project("{2150E333-8FDC-42A3-9474-1A3956D46DE8}") = "Solution Items", "Solution Items", "{FFCD9829-BEB3-4EAE-9EA2-D4A4BCD70DEB}"
	ProjectSection(SolutionItems) = preProject
		Database.sql = Database.sql
		README.md = README.md
	EndProjectSection
EndProject
Project("{9A19103F-16F7-4668-BE54-9A1E7A4F7556}") = "landerist_orels_viewer", "landerist_orels_viewer\landerist_orels_viewer.csproj", "{FF4C99ED-08B5-4A2C-A67F-D28EA54158C2}"
EndProject
Project("{888888A0-9F3D-457C-B088-3A5042F75D52}") = "landerist_webserver", "landerist_webserver\landerist_webserver.pyproj", "{D5FDAAA4-4E71-470E-892E-F30A86DCB2D6}"
EndProject
Global
	GlobalSection(SolutionConfigurationPlatforms) = preSolution
		Debug|Any CPU = Debug|Any CPU
		Release|Any CPU = Release|Any CPU
	EndGlobalSection
	GlobalSection(ProjectConfigurationPlatforms) = postSolution
		{AF6B51BE-C241-4ADE-AB98-DD1D9C4CB529}.Debug|Any CPU.ActiveCfg = Debug|Any CPU
		{AF6B51BE-C241-4ADE-AB98-DD1D9C4CB529}.Debug|Any CPU.Build.0 = Debug|Any CPU
		{AF6B51BE-C241-4ADE-AB98-DD1D9C4CB529}.Release|Any CPU.ActiveCfg = Release|Any CPU
		{AF6B51BE-C241-4ADE-AB98-DD1D9C4CB529}.Release|Any CPU.Build.0 = Release|Any CPU
		{E1D8529F-29D0-4C46-97EA-871D472A566C}.Debug|Any CPU.ActiveCfg = Debug|Any CPU
		{E1D8529F-29D0-4C46-97EA-871D472A566C}.Debug|Any CPU.Build.0 = Debug|Any CPU
		{E1D8529F-29D0-4C46-97EA-871D472A566C}.Release|Any CPU.ActiveCfg = Release|Any CPU
		{E1D8529F-29D0-4C46-97EA-871D472A566C}.Release|Any CPU.Build.0 = Release|Any CPU
		{8616AAA8-B0FF-47FA-A18E-AF96178989B5}.Debug|Any CPU.ActiveCfg = Debug|Any CPU
		{8616AAA8-B0FF-47FA-A18E-AF96178989B5}.Debug|Any CPU.Build.0 = Debug|Any CPU
		{8616AAA8-B0FF-47FA-A18E-AF96178989B5}.Release|Any CPU.ActiveCfg = Release|Any CPU
		{8616AAA8-B0FF-47FA-A18E-AF96178989B5}.Release|Any CPU.Build.0 = Release|Any CPU
		{FF4C99ED-08B5-4A2C-A67F-D28EA54158C2}.Debug|Any CPU.ActiveCfg = Debug|Any CPU
		{FF4C99ED-08B5-4A2C-A67F-D28EA54158C2}.Debug|Any CPU.Build.0 = Debug|Any CPU
		{FF4C99ED-08B5-4A2C-A67F-D28EA54158C2}.Release|Any CPU.ActiveCfg = Release|Any CPU
		{FF4C99ED-08B5-4A2C-A67F-D28EA54158C2}.Release|Any CPU.Build.0 = Release|Any CPU
		{D5FDAAA4-4E71-470E-892E-F30A86DCB2D6}.Debug|Any CPU.ActiveCfg = Debug|Any CPU
		{D5FDAAA4-4E71-470E-892E-F30A86DCB2D6}.Debug|Any CPU.Build.0 = Debug|Any CPU
		{D5FDAAA4-4E71-470E-892E-F30A86DCB2D6}.Release|Any CPU.ActiveCfg = Release|Any CPU
		{D5FDAAA4-4E71-470E-892E-F30A86DCB2D6}.Release|Any CPU.Build.0 = Release|Any CPU
	EndGlobalSection
	GlobalSection(SolutionProperties) = preSolution
		HideSolutionNode = FALSE
	EndGlobalSection
	GlobalSection(ExtensibilityGlobals) = postSolution
		SolutionGuid = {F392E95A-422C-40BC-A9C9-32A571641854}
	EndGlobalSection
EndGlobal
